
Microsoft Visual Studio Solution File, Format Version 12.00
# Visual Studio Version 17
VisualStudioVersion = 17.13.35828.75 d17.13
MinimumVisualStudioVersion = 10.0.40219.1
Project("{FAE04EC0-301F-11D3-BF4B-00C04F79EFBC}") = "Calculadora.ConsoleApp1", "..\Calculadora\Calculadora.ConsoleApp1\Calculadora.ConsoleApp1.csproj", "{15D5414D-CB7B-4878-AAB8-5D6645C0BE85}"
EndProject
Global
	GlobalSection(SolutionConfigurationPlatforms) = preSolution
		Debug|Any CPU = Debug|Any CPU
		Release|Any CPU = Release|Any CPU
	EndGlobalSection
	GlobalSection(ProjectConfigurationPlatforms) = postSolution
		{15D5414D-CB7B-4878-AAB8-5D6645C0BE85}.Debug|Any CPU.ActiveCfg = Debug|Any CPU
		{15D5414D-CB7B-4878-AAB8-5D6645C0BE85}.Debug|Any CPU.Build.0 = Debug|Any CPU
		{15D5414D-CB7B-4878-AAB8-5D6645C0BE85}.Release|Any CPU.ActiveCfg = Release|Any CPU
		{15D5414D-CB7B-4878-AAB8-5D6645C0BE85}.Release|Any CPU.Build.0 = Release|Any CPU
	EndGlobalSection
	GlobalSection(SolutionProperties) = preSolution
		HideSolutionNode = FALSE
	EndGlobalSection
	GlobalSection(ExtensibilityGlobals) = postSolution
		SolutionGuid = {48EACE09-2FD8-476B-889A-EADBCF86CF39}
	EndGlobalSection
EndGlobal
